
Microsoft Visual Studio Solution File, Format Version 12.00
# Visual Studio Version 16
VisualStudioVersion = 16.0.29326.143
MinimumVisualStudioVersion = 15.0.26124.0
Project("{9A19103F-16F7-4668-BE54-9A1E7A4F7556}") = "Joked", "src\Joked.csproj", "{0D6A010F-F00B-4320-8271-E10B89DE1128}"
EndProject
Project("{9A19103F-16F7-4668-BE54-9A1E7A4F7556}") = "Joked.Test", "test\Joked.Test.csproj", "{76CEDD40-0015-4E7E-B1EB-5ADBB1833750}"
EndProject
Global
	GlobalSection(SolutionConfigurationPlatforms) = preSolution
		Debug|Any CPU = Debug|Any CPU
		Release|Any CPU = Release|Any CPU
	EndGlobalSection
	GlobalSection(ProjectConfigurationPlatforms) = postSolution
		{0D6A010F-F00B-4320-8271-E10B89DE1128}.Debug|Any CPU.ActiveCfg = Debug|Any CPU
		{0D6A010F-F00B-4320-8271-E10B89DE1128}.Debug|Any CPU.Build.0 = Debug|Any CPU
		{0D6A010F-F00B-4320-8271-E10B89DE1128}.Release|Any CPU.ActiveCfg = Release|Any CPU
		{0D6A010F-F00B-4320-8271-E10B89DE1128}.Release|Any CPU.Build.0 = Release|Any CPU
		{76CEDD40-0015-4E7E-B1EB-5ADBB1833750}.Debug|Any CPU.ActiveCfg = Debug|Any CPU
		{76CEDD40-0015-4E7E-B1EB-5ADBB1833750}.Debug|Any CPU.Build.0 = Debug|Any CPU
		{76CEDD40-0015-4E7E-B1EB-5ADBB1833750}.Release|Any CPU.ActiveCfg = Release|Any CPU
		{76CEDD40-0015-4E7E-B1EB-5ADBB1833750}.Release|Any CPU.Build.0 = Release|Any CPU
	EndGlobalSection
	GlobalSection(SolutionProperties) = preSolution
		HideSolutionNode = FALSE
	EndGlobalSection
	GlobalSection(ExtensibilityGlobals) = postSolution
		SolutionGuid = {7E7586DF-3ACC-40EC-A1E4-B31C98480C9C}
	EndGlobalSection
EndGlobal
