
Microsoft Visual Studio Solution File, Format Version 12.00
# Visual Studio Version 16
VisualStudioVersion = 16.0.29326.143
MinimumVisualStudioVersion = 10.0.40219.1
Project("{FAE04EC0-301F-11D3-BF4B-00C04F79EFBC}") = "Joked", "Joked\Joked.csproj", "{246C412E-A48D-4E30-85A7-284E8B86C1EE}"
EndProject
Project("{FAE04EC0-301F-11D3-BF4B-00C04F79EFBC}") = "Joked.Tests", "Joked.Tests\Joked.Tests.csproj", "{11D9C6B2-16E1-4AEE-85B1-92F076F994C0}"
EndProject
Global
	GlobalSection(SolutionConfigurationPlatforms) = preSolution
		Debug|Any CPU = Debug|Any CPU
		Release|Any CPU = Release|Any CPU
	EndGlobalSection
	GlobalSection(ProjectConfigurationPlatforms) = postSolution
		{246C412E-A48D-4E30-85A7-284E8B86C1EE}.Debug|Any CPU.ActiveCfg = Debug|Any CPU
		{246C412E-A48D-4E30-85A7-284E8B86C1EE}.Debug|Any CPU.Build.0 = Debug|Any CPU
		{246C412E-A48D-4E30-85A7-284E8B86C1EE}.Release|Any CPU.ActiveCfg = Release|Any CPU
		{246C412E-A48D-4E30-85A7-284E8B86C1EE}.Release|Any CPU.Build.0 = Release|Any CPU
		{11D9C6B2-16E1-4AEE-85B1-92F076F994C0}.Debug|Any CPU.ActiveCfg = Debug|Any CPU
		{11D9C6B2-16E1-4AEE-85B1-92F076F994C0}.Debug|Any CPU.Build.0 = Debug|Any CPU
		{11D9C6B2-16E1-4AEE-85B1-92F076F994C0}.Release|Any CPU.ActiveCfg = Release|Any CPU
		{11D9C6B2-16E1-4AEE-85B1-92F076F994C0}.Release|Any CPU.Build.0 = Release|Any CPU
	EndGlobalSection
	GlobalSection(SolutionProperties) = preSolution
		HideSolutionNode = FALSE
	EndGlobalSection
	GlobalSection(ExtensibilityGlobals) = postSolution
		SolutionGuid = {D016C05A-E7D6-4E1F-82C8-5FA61253413E}
	EndGlobalSection
EndGlobal
